<?xml version="1.0" encoding="utf-8"?>
<Project ToolsVersion="4.0" xmlns="http://schemas.microsoft.com/developer/msbuild/2003">
  <ItemGroup>
    <Filter Include="Source Files">
      <UniqueIdentifier>{4FC737F1-C7A5-4376-A066-2A32D752A2FF}</UniqueIdentifier>
      <Extensions>cpp;c;cc;cxx;def;odl;idl;hpj;bat;asm;asmx</Extensions>
    </Filter>
    <Filter Include="Header Files">
      <UniqueIdentifier>{93995380-89BD-4b04-88EB-625FBE52EBFB}</UniqueIdentifier>
      <Extensions>h;hh;hpp;hxx;hm;inl;inc;xsd</Extensions>
    </Filter>
    <Filter Include="Resource Files">
      <UniqueIdentifier>{67DA6AB6-F800-4c08-8B7A-83BB121AAD01}</UniqueIdentifier>
      <Extensions>rc;ico;cur;bmp;dlg;rc2;rct;bin;rgs;gif;jpg;jpeg;jpe;resx;tiff;tif;png;wav;mfcribbon-ms</Extensions>
    </Filter>
  </ItemGroup>
  <ItemGroup>
    <ClInclude Include="test_cpp.hpp">
      <Filter>Source Files</Filter>
    </ClInclude>
    <ClInclude Include="iplib\userinterface.h">
      <Filter>Header Files</Filter>
    </ClInclude>
    <ClInclude Include="iplib\image\core.h">
      <Filter>Header Files</Filter>
    </ClInclude>
    <ClInclude Include="iplib\image\core3d.h">
      <Filter>Header Files</Filter>
    </ClInclude>
    <ClInclude Include="iplib\math\gauss_function.h">
      <Filter>Header Files</Filter>
    </ClInclude>
    <ClInclude Include="internal\userinterface\transimage.h">
      <Filter>Header Files</Filter>
    </ClInclude>
    <ClInclude Include="internal\userinterface\transimage3d.h">
      <Filter>Header Files</Filter>
    </ClInclude>
    <ClInclude Include="internal\userinterface\transimagebase.h">
      <Filter>Header Files</Filter>
    </ClInclude>
    <ClInclude Include="internal\userinterface\uidisplayaccumulator.h">
      <Filter>Header Files</Filter>
    </ClInclude>
    <ClInclude Include="internal\userinterface\userinterface_cpp.hpp">
      <Filter>Source Files</Filter>
    </ClInclude>
    <ClInclude Include="internal\userinterface\userinterfacefuncdata.h">
      <Filter>Header Files</Filter>
    </ClInclude>
    <ClInclude Include="internal\core\base\imagebase.h">
      <Filter>Header Files</Filter>
    </ClInclude>
    <ClInclude Include="internal\core\base\imagebase3d.h">
      <Filter>Header Files</Filter>
    </ClInclude>
    <ClInclude Include="internal\core\base\imagebasefwd.h">
      <Filter>Header Files</Filter>
    </ClInclude>
    <ClInclude Include="internal\core\base\imagereadable.h">
      <Filter>Header Files</Filter>
    </ClInclude>
    <ClInclude Include="internal\core\base\imagereadable3d.h">
      <Filter>Header Files</Filter>
    </ClInclude>
    <ClInclude Include="internal\core\base\imagewritable.h">
      <Filter>Header Files</Filter>
    </ClInclude>
    <ClInclude Include="internal\core\base\imagewritable3d.h">
      <Filter>Header Files</Filter>
    </ClInclude>
    <ClInclude Include="internal\core\base\pixelreaditerator.h">
      <Filter>Header Files</Filter>
    </ClInclude>
    <ClInclude Include="internal\core\base\pixelreaditerator3d.h">
      <Filter>Header Files</Filter>
    </ClInclude>
    <ClInclude Include="internal\core\base\pixeltypes.h">
      <Filter>Header Files</Filter>
    </ClInclude>
    <ClInclude Include="internal\core\base\pixelwriteiterator.h">
      <Filter>Header Files</Filter>
    </ClInclude>
    <ClInclude Include="internal\core\base\pixelwriteiterator3d.h">
      <Filter>Header Files</Filter>
    </ClInclude>
    <ClInclude Include="internal\core\base\vectorreaditerator.h">
      <Filter>Header Files</Filter>
    </ClInclude>
    <ClInclude Include="internal\core\base\vectorreaditerator3d.h">
      <Filter>Header Files</Filter>
    </ClInclude>
    <ClInclude Include="internal\core\base\vectorwriteiterator.h">
      <Filter>Header Files</Filter>
    </ClInclude>
    <ClInclude Include="internal\core\base\vectorwriteiterator3d.h">
      <Filter>Header Files</Filter>
    </ClInclude>
    <ClInclude Include="internal\core\bitmap\bitmapdatastructure.h">
      <Filter>Header Files</Filter>
    </ClInclude>
    <ClInclude Include="internal\core\bitmap\bitmapimage.h">
      <Filter>Header Files</Filter>
    </ClInclude>
    <ClInclude Include="internal\core\bitmap\bitmapimage3d.h">
      <Filter>Header Files</Filter>
    </ClInclude>
    <ClInclude Include="internal\core\bitmap\custombitmapimage.h">
      <Filter>Header Files</Filter>
    </ClInclude>
    <ClInclude Include="internal\core\bitmap\custombitmapimage3d.h">
      <Filter>Header Files</Filter>
    </ClInclude>
    <ClInclude Include="internal\core\bitmap\image.h">
      <Filter>Header Files</Filter>
    </ClInclude>
    <ClInclude Include="internal\core\bitmap\image3d.h">
      <Filter>Header Files</Filter>
    </ClInclude>
    <ClInclude Include="internal\core\ops\convert.h">
      <Filter>Header Files</Filter>
    </ClInclude>
    <ClInclude Include="internal\core\ops\imagebinaryoperation.h">
      <Filter>Header Files</Filter>
    </ClInclude>
    <ClInclude Include="internal\core\ops\imageunaryoperation.h">
      <Filter>Header Files</Filter>
    </ClInclude>
    <ClInclude Include="internal\core\core_cpp.hpp">
      <Filter>Source Files</Filter>
    </ClInclude>
    <ClInclude Include="iplib\common.h">
      <Filter>Header Files</Filter>
    </ClInclude>
    <ClInclude Include="iplib\image\io\dibitmap.h">
      <Filter>Header Files</Filter>
    </ClInclude>
    <ClInclude Include="iplib\image\io\imageio.h">
      <Filter>Header Files</Filter>
    </ClInclude>
    <ClInclude Include="iplib\image\io\videoio.h">
      <Filter>Header Files</Filter>
    </ClInclude>
    <ClInclude Include="iplib\image\analysis\structuretensoranalysis.h">
      <Filter>Header Files</Filter>
    </ClInclude>
    <ClInclude Include="internal\math\math_cpp.hpp">
      <Filter>Source Files</Filter>
    </ClInclude>
    <ClInclude Include="iplib\image\filter.h">
      <Filter>Header Files</Filter>
    </ClInclude>
    <ClInclude Include="iplib\image\interpolation.h">
      <Filter>Header Files</Filter>
    </ClInclude>
    <ClInclude Include="iplib\image\canny.h">
      <Filter>Header Files</Filter>
    </ClInclude>
    <ClInclude Include="iplib\image\motion.h">
      <Filter>Header Files</Filter>
    </ClInclude>
    <ClInclude Include="iplib\image\edt\edt.h">
      <Filter>Header Files</Filter>
    </ClInclude>
    <ClInclude Include="internal\image\edt_cpp.hpp">
      <Filter>Header Files</Filter>
    </ClInclude>
    <ClInclude Include="iplib\image\morphology\binarymorphology.h">
      <Filter>Header Files</Filter>
    </ClInclude>
    <ClInclude Include="iplib\image\transform.h">
      <Filter>Header Files</Filter>
    </ClInclude>
    <ClInclude Include="iplib\image\analysis\objectdetection.h">
      <Filter>Header Files</Filter>
    </ClInclude>
    <ClInclude Include="internal\image\objectdetection_cpp.hpp">
      <Filter>Header Files</Filter>
    </ClInclude>
    <ClInclude Include="iplib\image\resampling\edresampling.h">
      <Filter>Header Files</Filter>
    </ClInclude>
    <ClInclude Include="internal\image\edresampling_cpp.hpp">
      <Filter>Header Files</Filter>
    </ClInclude>
    <ClInclude Include="iplib\math\quadratic_optimization.h">
      <Filter>Header Files</Filter>
    </ClInclude>
    <ClInclude Include="iplib\math\matrix.h">
      <Filter>Header Files</Filter>
    </ClInclude>
    <ClInclude Include="internal\image\deblur_cpp.hpp">
      <Filter>Header Files</Filter>
    </ClInclude>
    <ClInclude Include="iplib\image\deblur\deblurtv.h">
      <Filter>Header Files</Filter>
    </ClInclude>
    <ClInclude Include="iplib\image\variational\varmethods.h">
      <Filter>Header Files</Filter>
    </ClInclude>
    <ClInclude Include="internal\image\varmethods_cpp.hpp">
      <Filter>Header Files</Filter>
    </ClInclude>
    <ClInclude Include="iplib\image\diffusion\diffusion.h">
      <Filter>Header Files</Filter>
    </ClInclude>
    <ClInclude Include="internal\image\diffusion_cpp.hpp">
      <Filter>Header Files</Filter>
    </ClInclude>
    <ClInclude Include="iplib\image\metrics\metrics.h">
      <Filter>Header Files</Filter>
    </ClInclude>
    <ClInclude Include="internal\image\metrics_cpp.hpp">
      <Filter>Header Files</Filter>
    </ClInclude>
    <ClInclude Include="iplib\image\filter\filter.hpp">
      <Filter>Header Files</Filter>
    </ClInclude>
    <ClInclude Include="internal\image\filter_cpp.hpp">
      <Filter>Header Files</Filter>
    </ClInclude>
    <ClInclude Include="iplib\image\deblur\warping.h">
      <Filter>Header Files</Filter>
    </ClInclude>
  </ItemGroup>
  <ItemGroup>
    <ClCompile Include="main.cpp">
      <Filter>Source Files</Filter>
    </ClCompile>
  </ItemGroup>
</Project>